
Microsoft Visual Studio Solution File, Format Version 12.00
# Visual Studio Version 16
VisualStudioVersion = 16.0.29911.84
MinimumVisualStudioVersion = 10.0.40219.1
Project("{FAE04EC0-301F-11D3-BF4B-00C04F79EFBC}") = "DP.SOLID", "DP.SOLID\DP.SOLID.csproj", "{0F3948C2-0E2F-466B-B6D1-C176E7EE62DA}"
EndProject
Global
	GlobalSection(SolutionConfigurationPlatforms) = preSolution
		Debug|Any CPU = Debug|Any CPU
		Release|Any CPU = Release|Any CPU
	EndGlobalSection
	GlobalSection(ProjectConfigurationPlatforms) = postSolution
		{0F3948C2-0E2F-466B-B6D1-C176E7EE62DA}.Debug|Any CPU.ActiveCfg = Debug|Any CPU
		{0F3948C2-0E2F-466B-B6D1-C176E7EE62DA}.Debug|Any CPU.Build.0 = Debug|Any CPU
		{0F3948C2-0E2F-466B-B6D1-C176E7EE62DA}.Release|Any CPU.ActiveCfg = Release|Any CPU
		{0F3948C2-0E2F-466B-B6D1-C176E7EE62DA}.Release|Any CPU.Build.0 = Release|Any CPU
	EndGlobalSection
	GlobalSection(SolutionProperties) = preSolution
		HideSolutionNode = FALSE
	EndGlobalSection
	GlobalSection(ExtensibilityGlobals) = postSolution
		SolutionGuid = {4C69D3D6-B12A-47F0-9CD8-A3E7CF63C11C}
	EndGlobalSection
EndGlobal
